
Microsoft Visual Studio Solution File, Format Version 12.00
# Visual Studio Version 16
VisualStudioVersion = 16.0.30907.101
MinimumVisualStudioVersion = 10.0.40219.1
Project("{FAE04EC0-301F-11D3-BF4B-00C04F79EFBC}") = "NUnitMoqHandson9", "NUnitMoqHandson9\NUnitMoqHandson9.csproj", "{88141511-0FD3-44B9-8E32-225D1DFE4C1D}"
EndProject
Project("{FAE04EC0-301F-11D3-BF4B-00C04F79EFBC}") = "TestLibrary", "TestLibrary\TestLibrary.csproj", "{9C33949C-FF89-4B4D-B00D-975A66952867}"
EndProject
Global
	GlobalSection(SolutionConfigurationPlatforms) = preSolution
		Debug|Any CPU = Debug|Any CPU
		Release|Any CPU = Release|Any CPU
	EndGlobalSection
	GlobalSection(ProjectConfigurationPlatforms) = postSolution
		{88141511-0FD3-44B9-8E32-225D1DFE4C1D}.Debug|Any CPU.ActiveCfg = Debug|Any CPU
		{88141511-0FD3-44B9-8E32-225D1DFE4C1D}.Debug|Any CPU.Build.0 = Debug|Any CPU
		{88141511-0FD3-44B9-8E32-225D1DFE4C1D}.Release|Any CPU.ActiveCfg = Release|Any CPU
		{88141511-0FD3-44B9-8E32-225D1DFE4C1D}.Release|Any CPU.Build.0 = Release|Any CPU
		{9C33949C-FF89-4B4D-B00D-975A66952867}.Debug|Any CPU.ActiveCfg = Debug|Any CPU
		{9C33949C-FF89-4B4D-B00D-975A66952867}.Debug|Any CPU.Build.0 = Debug|Any CPU
		{9C33949C-FF89-4B4D-B00D-975A66952867}.Release|Any CPU.ActiveCfg = Release|Any CPU
		{9C33949C-FF89-4B4D-B00D-975A66952867}.Release|Any CPU.Build.0 = Release|Any CPU
	EndGlobalSection
	GlobalSection(SolutionProperties) = preSolution
		HideSolutionNode = FALSE
	EndGlobalSection
	GlobalSection(ExtensibilityGlobals) = postSolution
		SolutionGuid = {B45D7837-AC9A-4D8B-851F-BBECA5BB358C}
	EndGlobalSection
EndGlobal
